
Microsoft Visual Studio Solution File, Format Version 12.00
# Visual Studio Version 16
VisualStudioVersion = 16.0.28803.202
MinimumVisualStudioVersion = 10.0.40219.1
Project("{9A19103F-16F7-4668-BE54-9A1E7A4F7556}") = "P01-ReverseStrings", "P01-ReverseStrings\P01-ReverseStrings.csproj", "{CC9E38A1-2AEF-4DE6-887E-B346B0667006}"
EndProject
Project("{9A19103F-16F7-4668-BE54-9A1E7A4F7556}") = "P02-SimpleCalculator", "P02-SimpleCalculator\P02-SimpleCalculator.csproj", "{6F171D2C-F7AB-4D92-A4DF-7BE3C045D658}"
EndProject
Project("{9A19103F-16F7-4668-BE54-9A1E7A4F7556}") = "P03-DecimalToBinaryConverter", "DecimalToBinaryConverter\P03-DecimalToBinaryConverter.csproj", "{45D4697C-9812-419D-B092-70084BAF67E8}"
EndProject
Project("{9A19103F-16F7-4668-BE54-9A1E7A4F7556}") = "P04-MatchingBrakets", "P04-MatchingBrakets\P04-MatchingBrakets.csproj", "{A6B3774C-9873-47D3-B11E-F510D8736E83}"
EndProject
Project("{9A19103F-16F7-4668-BE54-9A1E7A4F7556}") = "P02-StackSum", "P02-StackSum\P02-StackSum.csproj", "{26DCCCFD-83A6-459F-A232-748B1F90E6BF}"
EndProject
Project("{9A19103F-16F7-4668-BE54-9A1E7A4F7556}") = "P05-PrintEvenNumbers", "P05-PrintEvenNumbers\P05-PrintEvenNumbers.csproj", "{28FEC603-8CF7-43C6-A8E6-F3632304A8CB}"
EndProject
Project("{FAE04EC0-301F-11D3-BF4B-00C04F79EFBC}") = "P06-Supermarket", "P06-Supermarket\P06-Supermarket.csproj", "{CFC484F0-E357-4B6D-8AD3-7F9C1FD07865}"
EndProject
Project("{FAE04EC0-301F-11D3-BF4B-00C04F79EFBC}") = "P07-HotPotato", "P07-HotPotato\P07-HotPotato.csproj", "{38C984CC-49A0-4FD2-AB68-A74DEC0A949E}"
EndProject
Project("{FAE04EC0-301F-11D3-BF4B-00C04F79EFBC}") = "P08-TrafficJam", "P08-TrafficJam\P08-TrafficJam.csproj", "{B064ED10-953F-48ED-8516-25F74A7028D7}"
EndProject
Global
	GlobalSection(SolutionConfigurationPlatforms) = preSolution
		Debug|Any CPU = Debug|Any CPU
		Release|Any CPU = Release|Any CPU
	EndGlobalSection
	GlobalSection(ProjectConfigurationPlatforms) = postSolution
		{CC9E38A1-2AEF-4DE6-887E-B346B0667006}.Debug|Any CPU.ActiveCfg = Debug|Any CPU
		{CC9E38A1-2AEF-4DE6-887E-B346B0667006}.Debug|Any CPU.Build.0 = Debug|Any CPU
		{CC9E38A1-2AEF-4DE6-887E-B346B0667006}.Release|Any CPU.ActiveCfg = Release|Any CPU
		{CC9E38A1-2AEF-4DE6-887E-B346B0667006}.Release|Any CPU.Build.0 = Release|Any CPU
		{6F171D2C-F7AB-4D92-A4DF-7BE3C045D658}.Debug|Any CPU.ActiveCfg = Debug|Any CPU
		{6F171D2C-F7AB-4D92-A4DF-7BE3C045D658}.Debug|Any CPU.Build.0 = Debug|Any CPU
		{6F171D2C-F7AB-4D92-A4DF-7BE3C045D658}.Release|Any CPU.ActiveCfg = Release|Any CPU
		{6F171D2C-F7AB-4D92-A4DF-7BE3C045D658}.Release|Any CPU.Build.0 = Release|Any CPU
		{45D4697C-9812-419D-B092-70084BAF67E8}.Debug|Any CPU.ActiveCfg = Debug|Any CPU
		{45D4697C-9812-419D-B092-70084BAF67E8}.Debug|Any CPU.Build.0 = Debug|Any CPU
		{45D4697C-9812-419D-B092-70084BAF67E8}.Release|Any CPU.ActiveCfg = Release|Any CPU
		{45D4697C-9812-419D-B092-70084BAF67E8}.Release|Any CPU.Build.0 = Release|Any CPU
		{A6B3774C-9873-47D3-B11E-F510D8736E83}.Debug|Any CPU.ActiveCfg = Debug|Any CPU
		{A6B3774C-9873-47D3-B11E-F510D8736E83}.Debug|Any CPU.Build.0 = Debug|Any CPU
		{A6B3774C-9873-47D3-B11E-F510D8736E83}.Release|Any CPU.ActiveCfg = Release|Any CPU
		{A6B3774C-9873-47D3-B11E-F510D8736E83}.Release|Any CPU.Build.0 = Release|Any CPU
		{26DCCCFD-83A6-459F-A232-748B1F90E6BF}.Debug|Any CPU.ActiveCfg = Debug|Any CPU
		{26DCCCFD-83A6-459F-A232-748B1F90E6BF}.Debug|Any CPU.Build.0 = Debug|Any CPU
		{26DCCCFD-83A6-459F-A232-748B1F90E6BF}.Release|Any CPU.ActiveCfg = Release|Any CPU
		{26DCCCFD-83A6-459F-A232-748B1F90E6BF}.Release|Any CPU.Build.0 = Release|Any CPU
		{28FEC603-8CF7-43C6-A8E6-F3632304A8CB}.Debug|Any CPU.ActiveCfg = Debug|Any CPU
		{28FEC603-8CF7-43C6-A8E6-F3632304A8CB}.Debug|Any CPU.Build.0 = Debug|Any CPU
		{28FEC603-8CF7-43C6-A8E6-F3632304A8CB}.Release|Any CPU.ActiveCfg = Release|Any CPU
		{28FEC603-8CF7-43C6-A8E6-F3632304A8CB}.Release|Any CPU.Build.0 = Release|Any CPU
		{CFC484F0-E357-4B6D-8AD3-7F9C1FD07865}.Debug|Any CPU.ActiveCfg = Debug|Any CPU
		{CFC484F0-E357-4B6D-8AD3-7F9C1FD07865}.Debug|Any CPU.Build.0 = Debug|Any CPU
		{CFC484F0-E357-4B6D-8AD3-7F9C1FD07865}.Release|Any CPU.ActiveCfg = Release|Any CPU
		{CFC484F0-E357-4B6D-8AD3-7F9C1FD07865}.Release|Any CPU.Build.0 = Release|Any CPU
		{38C984CC-49A0-4FD2-AB68-A74DEC0A949E}.Debug|Any CPU.ActiveCfg = Debug|Any CPU
		{38C984CC-49A0-4FD2-AB68-A74DEC0A949E}.Debug|Any CPU.Build.0 = Debug|Any CPU
		{38C984CC-49A0-4FD2-AB68-A74DEC0A949E}.Release|Any CPU.ActiveCfg = Release|Any CPU
		{38C984CC-49A0-4FD2-AB68-A74DEC0A949E}.Release|Any CPU.Build.0 = Release|Any CPU
		{B064ED10-953F-48ED-8516-25F74A7028D7}.Debug|Any CPU.ActiveCfg = Debug|Any CPU
		{B064ED10-953F-48ED-8516-25F74A7028D7}.Debug|Any CPU.Build.0 = Debug|Any CPU
		{B064ED10-953F-48ED-8516-25F74A7028D7}.Release|Any CPU.ActiveCfg = Release|Any CPU
		{B064ED10-953F-48ED-8516-25F74A7028D7}.Release|Any CPU.Build.0 = Release|Any CPU
	EndGlobalSection
	GlobalSection(SolutionProperties) = preSolution
		HideSolutionNode = FALSE
	EndGlobalSection
	GlobalSection(ExtensibilityGlobals) = postSolution
		SolutionGuid = {18C9DB83-D55F-4897-93CD-317D6B8AA0AC}
	EndGlobalSection
EndGlobal
