
Microsoft Visual Studio Solution File, Format Version 12.00
# Visual Studio 15
VisualStudioVersion = 15.0.28307.489
MinimumVisualStudioVersion = 10.0.40219.1
Project("{FAE04EC0-301F-11D3-BF4B-00C04F79EFBC}") = "P01-EasterCozonacs", "P01\P01-EasterCozonacs.csproj", "{0D1E6028-E94C-48A6-B33A-BC8DA1F838D2}"
EndProject
Project("{FAE04EC0-301F-11D3-BF4B-00C04F79EFBC}") = "P02-EasterGifts", "P02\P02-EasterGifts.csproj", "{18DB5EB0-BD1B-47B0-92A1-119F822EA6CA}"
EndProject
Project("{FAE04EC0-301F-11D3-BF4B-00C04F79EFBC}") = "P03-EasterShoping", "P03\P03-EasterShoping.csproj", "{478CBC59-B763-4EAB-B033-0841288B2FB6}"
EndProject
Global
	GlobalSection(SolutionConfigurationPlatforms) = preSolution
		Debug|Any CPU = Debug|Any CPU
		Release|Any CPU = Release|Any CPU
	EndGlobalSection
	GlobalSection(ProjectConfigurationPlatforms) = postSolution
		{0D1E6028-E94C-48A6-B33A-BC8DA1F838D2}.Debug|Any CPU.ActiveCfg = Debug|Any CPU
		{0D1E6028-E94C-48A6-B33A-BC8DA1F838D2}.Debug|Any CPU.Build.0 = Debug|Any CPU
		{0D1E6028-E94C-48A6-B33A-BC8DA1F838D2}.Release|Any CPU.ActiveCfg = Release|Any CPU
		{0D1E6028-E94C-48A6-B33A-BC8DA1F838D2}.Release|Any CPU.Build.0 = Release|Any CPU
		{18DB5EB0-BD1B-47B0-92A1-119F822EA6CA}.Debug|Any CPU.ActiveCfg = Debug|Any CPU
		{18DB5EB0-BD1B-47B0-92A1-119F822EA6CA}.Debug|Any CPU.Build.0 = Debug|Any CPU
		{18DB5EB0-BD1B-47B0-92A1-119F822EA6CA}.Release|Any CPU.ActiveCfg = Release|Any CPU
		{18DB5EB0-BD1B-47B0-92A1-119F822EA6CA}.Release|Any CPU.Build.0 = Release|Any CPU
		{478CBC59-B763-4EAB-B033-0841288B2FB6}.Debug|Any CPU.ActiveCfg = Debug|Any CPU
		{478CBC59-B763-4EAB-B033-0841288B2FB6}.Debug|Any CPU.Build.0 = Debug|Any CPU
		{478CBC59-B763-4EAB-B033-0841288B2FB6}.Release|Any CPU.ActiveCfg = Release|Any CPU
		{478CBC59-B763-4EAB-B033-0841288B2FB6}.Release|Any CPU.Build.0 = Release|Any CPU
	EndGlobalSection
	GlobalSection(SolutionProperties) = preSolution
		HideSolutionNode = FALSE
	EndGlobalSection
	GlobalSection(ExtensibilityGlobals) = postSolution
		SolutionGuid = {A6874496-8390-44F5-BCF3-457B89173F99}
	EndGlobalSection
EndGlobal
