
Microsoft Visual Studio Solution File, Format Version 12.00
# Visual Studio Version 16
VisualStudioVersion = 16.0.29411.108
MinimumVisualStudioVersion = 10.0.40219.1
Project("{FAE04EC0-301F-11D3-BF4B-00C04F79EFBC}") = "P01_HospitalDatabase", "P01_HospitalDatabase\P01_HospitalDatabase.csproj", "{CFE63D56-AE4D-4EDB-A7EB-6D3AB23FCBD7}"
EndProject
Global
	GlobalSection(SolutionConfigurationPlatforms) = preSolution
		Debug|Any CPU = Debug|Any CPU
		Release|Any CPU = Release|Any CPU
	EndGlobalSection
	GlobalSection(ProjectConfigurationPlatforms) = postSolution
		{CFE63D56-AE4D-4EDB-A7EB-6D3AB23FCBD7}.Debug|Any CPU.ActiveCfg = Debug|Any CPU
		{CFE63D56-AE4D-4EDB-A7EB-6D3AB23FCBD7}.Debug|Any CPU.Build.0 = Debug|Any CPU
		{CFE63D56-AE4D-4EDB-A7EB-6D3AB23FCBD7}.Release|Any CPU.ActiveCfg = Release|Any CPU
		{CFE63D56-AE4D-4EDB-A7EB-6D3AB23FCBD7}.Release|Any CPU.Build.0 = Release|Any CPU
	EndGlobalSection
	GlobalSection(SolutionProperties) = preSolution
		HideSolutionNode = FALSE
	EndGlobalSection
	GlobalSection(ExtensibilityGlobals) = postSolution
		SolutionGuid = {F543CC96-326E-4E05-80E9-708A964F7FDA}
	EndGlobalSection
EndGlobal
