
Microsoft Visual Studio Solution File, Format Version 12.00
# Visual Studio Version 16
VisualStudioVersion = 16.0.29411.108
MinimumVisualStudioVersion = 10.0.40219.1
Project("{9A19103F-16F7-4668-BE54-9A1E7A4F7556}") = "P01_HospitalDatabase", "P01_HospitalDatabase\P01_HospitalDatabase.csproj", "{CFE63D56-AE4D-4EDB-A7EB-6D3AB23FCBD7}"
EndProject
Project("{9A19103F-16F7-4668-BE54-9A1E7A4F7556}") = "P03_SalesDatabase", "..\P03-SalesDatabase\P03_SalesDatabase.csproj", "{6F9CFE08-6660-406E-8307-B4F0F1874B2A}"
EndProject
Global
	GlobalSection(SolutionConfigurationPlatforms) = preSolution
		Debug|Any CPU = Debug|Any CPU
		Release|Any CPU = Release|Any CPU
	EndGlobalSection
	GlobalSection(ProjectConfigurationPlatforms) = postSolution
		{CFE63D56-AE4D-4EDB-A7EB-6D3AB23FCBD7}.Debug|Any CPU.ActiveCfg = Debug|Any CPU
		{CFE63D56-AE4D-4EDB-A7EB-6D3AB23FCBD7}.Debug|Any CPU.Build.0 = Debug|Any CPU
		{CFE63D56-AE4D-4EDB-A7EB-6D3AB23FCBD7}.Release|Any CPU.ActiveCfg = Release|Any CPU
		{CFE63D56-AE4D-4EDB-A7EB-6D3AB23FCBD7}.Release|Any CPU.Build.0 = Release|Any CPU
		{6F9CFE08-6660-406E-8307-B4F0F1874B2A}.Debug|Any CPU.ActiveCfg = Debug|Any CPU
		{6F9CFE08-6660-406E-8307-B4F0F1874B2A}.Debug|Any CPU.Build.0 = Debug|Any CPU
		{6F9CFE08-6660-406E-8307-B4F0F1874B2A}.Release|Any CPU.ActiveCfg = Release|Any CPU
		{6F9CFE08-6660-406E-8307-B4F0F1874B2A}.Release|Any CPU.Build.0 = Release|Any CPU
	EndGlobalSection
	GlobalSection(SolutionProperties) = preSolution
		HideSolutionNode = FALSE
	EndGlobalSection
	GlobalSection(ExtensibilityGlobals) = postSolution
		SolutionGuid = {F543CC96-326E-4E05-80E9-708A964F7FDA}
	EndGlobalSection
EndGlobal
